
Microsoft Visual Studio Solution File, Format Version 12.00
# Visual Studio Version 17
VisualStudioVersion = 17.14.36327.8 d17.14
MinimumVisualStudioVersion = 10.0.40219.1
Project("{FAE04EC0-301F-11D3-BF4B-00C04F79EFBC}") = "PerformanceDataExtractor", "PerformanceDataExtractor\PerformanceDataExtractor.csproj", "{20FCB030-0ACA-4C4D-B0A8-B54931D03BC9}"
EndProject
Global
	GlobalSection(SolutionConfigurationPlatforms) = preSolution
		Debug|Any CPU = Debug|Any CPU
		Release|Any CPU = Release|Any CPU
	EndGlobalSection
	GlobalSection(ProjectConfigurationPlatforms) = postSolution
		{20FCB030-0ACA-4C4D-B0A8-B54931D03BC9}.Debug|Any CPU.ActiveCfg = Debug|Any CPU
		{20FCB030-0ACA-4C4D-B0A8-B54931D03BC9}.Debug|Any CPU.Build.0 = Debug|Any CPU
		{20FCB030-0ACA-4C4D-B0A8-B54931D03BC9}.Release|Any CPU.ActiveCfg = Release|Any CPU
		{20FCB030-0ACA-4C4D-B0A8-B54931D03BC9}.Release|Any CPU.Build.0 = Release|Any CPU
	EndGlobalSection
	GlobalSection(SolutionProperties) = preSolution
		HideSolutionNode = FALSE
	EndGlobalSection
	GlobalSection(ExtensibilityGlobals) = postSolution
		SolutionGuid = {1E641E15-BA54-4367-8B23-207D8480B42F}
	EndGlobalSection
EndGlobal
